
Microsoft Visual Studio Solution File, Format Version 12.00
# Visual Studio Version 17
VisualStudioVersion = 17.0.31903.59
MinimumVisualStudioVersion = 10.0.40219.1
Project("{FAE04EC0-301F-11D3-BF4B-00C04F79EFBC}") = "KaliadzichShumer.SneakersShop.CORE", "KaliadzichShumer.SneakersShop.CORE\KaliadzichShumer.SneakersShop.CORE.csproj", "{8131AB1D-67DF-4AEE-8211-D0006F567F89}"
EndProject
Project("{FAE04EC0-301F-11D3-BF4B-00C04F79EFBC}") = "KaliadzichShumer.SneakersShop.INTERFACES", "KaliadzichShumer.SneakersShop.INTERFACES\KaliadzichShumer.SneakersShop.INTERFACES.csproj", "{1387E21E-0FA8-48CC-BD3E-CE151ED99410}"
EndProject
Project("{FAE04EC0-301F-11D3-BF4B-00C04F79EFBC}") = "KaliadzichShumer.SneakersShop.DAO.Mock", "KaliadzichShumer.SneakersShop.DAO.Mock\KaliadzichShumer.SneakersShop.DAO.Mock.csproj", "{FE57F61C-0726-4865-91D3-7800C40F99FE}"
EndProject
Project("{FAE04EC0-301F-11D3-BF4B-00C04F79EFBC}") = "KaliadzichShumer.SneakersShop.DAO.File", "KaliadzichShumer.SneakersShop.DAO.File\KaliadzichShumer.SneakersShop.DAO.File.csproj", "{FD19FE11-3D73-4841-8D57-B4AD9D5E6F4B}"
EndProject
Project("{FAE04EC0-301F-11D3-BF4B-00C04F79EFBC}") = "KaliadzichShumer.SneakersShop.DAO.SQL", "KaliadzichShumer.SneakersShop.DAO.SQL\KaliadzichShumer.SneakersShop.DAO.SQL.csproj", "{7221651D-E194-4BF5-93FC-A109770A1B9A}"
EndProject
Project("{FAE04EC0-301F-11D3-BF4B-00C04F79EFBC}") = "KaliadzichShumer.SneakersShop.BLC", "KaliadzichShumer.SneakersShop.BLC\KaliadzichShumer.SneakersShop.BLC.csproj", "{4BD10BCA-F0AF-4E0E-A953-3C3FC4F2FBE4}"
EndProject
Project("{FAE04EC0-301F-11D3-BF4B-00C04F79EFBC}") = "KaliadzichShumer.SneakersShop.UI.WPF", "KaliadzichShumer.SneakersShop.UI.WPF\KaliadzichShumer.SneakersShop.UI.WPF.csproj", "{666B189A-4C34-47B8-98B9-818F71A71A08}"
EndProject
Global
	GlobalSection(SolutionConfigurationPlatforms) = preSolution
		Debug|Any CPU = Debug|Any CPU
		Release|Any CPU = Release|Any CPU
	EndGlobalSection
	GlobalSection(SolutionProperties) = preSolution
		HideSolutionNode = FALSE
	EndGlobalSection
	GlobalSection(ProjectConfigurationPlatforms) = postSolution
		{8131AB1D-67DF-4AEE-8211-D0006F567F89}.Debug|Any CPU.ActiveCfg = Debug|Any CPU
		{8131AB1D-67DF-4AEE-8211-D0006F567F89}.Debug|Any CPU.Build.0 = Debug|Any CPU
		{8131AB1D-67DF-4AEE-8211-D0006F567F89}.Release|Any CPU.ActiveCfg = Release|Any CPU
		{8131AB1D-67DF-4AEE-8211-D0006F567F89}.Release|Any CPU.Build.0 = Release|Any CPU
		{1387E21E-0FA8-48CC-BD3E-CE151ED99410}.Debug|Any CPU.ActiveCfg = Debug|Any CPU
		{1387E21E-0FA8-48CC-BD3E-CE151ED99410}.Debug|Any CPU.Build.0 = Debug|Any CPU
		{1387E21E-0FA8-48CC-BD3E-CE151ED99410}.Release|Any CPU.ActiveCfg = Release|Any CPU
		{1387E21E-0FA8-48CC-BD3E-CE151ED99410}.Release|Any CPU.Build.0 = Release|Any CPU
		{FE57F61C-0726-4865-91D3-7800C40F99FE}.Debug|Any CPU.ActiveCfg = Debug|Any CPU
		{FE57F61C-0726-4865-91D3-7800C40F99FE}.Debug|Any CPU.Build.0 = Debug|Any CPU
		{FE57F61C-0726-4865-91D3-7800C40F99FE}.Release|Any CPU.ActiveCfg = Release|Any CPU
		{FE57F61C-0726-4865-91D3-7800C40F99FE}.Release|Any CPU.Build.0 = Release|Any CPU
		{FD19FE11-3D73-4841-8D57-B4AD9D5E6F4B}.Debug|Any CPU.ActiveCfg = Debug|Any CPU
		{FD19FE11-3D73-4841-8D57-B4AD9D5E6F4B}.Debug|Any CPU.Build.0 = Debug|Any CPU
		{FD19FE11-3D73-4841-8D57-B4AD9D5E6F4B}.Release|Any CPU.ActiveCfg = Release|Any CPU
		{FD19FE11-3D73-4841-8D57-B4AD9D5E6F4B}.Release|Any CPU.Build.0 = Release|Any CPU
		{7221651D-E194-4BF5-93FC-A109770A1B9A}.Debug|Any CPU.ActiveCfg = Debug|Any CPU
		{7221651D-E194-4BF5-93FC-A109770A1B9A}.Debug|Any CPU.Build.0 = Debug|Any CPU
		{7221651D-E194-4BF5-93FC-A109770A1B9A}.Release|Any CPU.ActiveCfg = Release|Any CPU
		{7221651D-E194-4BF5-93FC-A109770A1B9A}.Release|Any CPU.Build.0 = Release|Any CPU
		{4BD10BCA-F0AF-4E0E-A953-3C3FC4F2FBE4}.Debug|Any CPU.ActiveCfg = Debug|Any CPU
		{4BD10BCA-F0AF-4E0E-A953-3C3FC4F2FBE4}.Debug|Any CPU.Build.0 = Debug|Any CPU
		{4BD10BCA-F0AF-4E0E-A953-3C3FC4F2FBE4}.Release|Any CPU.ActiveCfg = Release|Any CPU
		{4BD10BCA-F0AF-4E0E-A953-3C3FC4F2FBE4}.Release|Any CPU.Build.0 = Release|Any CPU
		{666B189A-4C34-47B8-98B9-818F71A71A08}.Debug|Any CPU.ActiveCfg = Debug|Any CPU
		{666B189A-4C34-47B8-98B9-818F71A71A08}.Debug|Any CPU.Build.0 = Debug|Any CPU
		{666B189A-4C34-47B8-98B9-818F71A71A08}.Release|Any CPU.ActiveCfg = Release|Any CPU
		{666B189A-4C34-47B8-98B9-818F71A71A08}.Release|Any CPU.Build.0 = Release|Any CPU
	EndGlobalSection
EndGlobal
